
Microsoft Visual Studio Solution File, Format Version 12.00
# Visual Studio Version 17
VisualStudioVersion = 17.8.34330.188
MinimumVisualStudioVersion = 10.0.40219.1
Project("{FAE04EC0-301F-11D3-BF4B-00C04F79EFBC}") = "CaseForRanna-BackEnd", "CaseForRanna-BackEnd\CaseForRanna-BackEnd.csproj", "{C35EAF31-9002-47BB-AAFE-509F5A293DED}"
EndProject
Global
	GlobalSection(SolutionConfigurationPlatforms) = preSolution
		Debug|Any CPU = Debug|Any CPU
		Release|Any CPU = Release|Any CPU
	EndGlobalSection
	GlobalSection(ProjectConfigurationPlatforms) = postSolution
		{C35EAF31-9002-47BB-AAFE-509F5A293DED}.Debug|Any CPU.ActiveCfg = Debug|Any CPU
		{C35EAF31-9002-47BB-AAFE-509F5A293DED}.Debug|Any CPU.Build.0 = Debug|Any CPU
		{C35EAF31-9002-47BB-AAFE-509F5A293DED}.Release|Any CPU.ActiveCfg = Release|Any CPU
		{C35EAF31-9002-47BB-AAFE-509F5A293DED}.Release|Any CPU.Build.0 = Release|Any CPU
	EndGlobalSection
	GlobalSection(SolutionProperties) = preSolution
		HideSolutionNode = FALSE
	EndGlobalSection
	GlobalSection(ExtensibilityGlobals) = postSolution
		SolutionGuid = {B135D132-B1C6-4D51-B7AF-0A48BC556AC3}
	EndGlobalSection
EndGlobal
